
Microsoft Visual Studio Solution File, Format Version 12.00
Project("{FAE04EC0-301F-11D3-BF4B-00C04F79EFBC}") = "a0509.linebot", "a0509.linebot\a0509.linebot.csproj", "{072DFD7A-7D8E-427A-BB13-FB2EC8785620}"
EndProject
Global
	GlobalSection(SolutionConfigurationPlatforms) = preSolution
		Debug|Any CPU = Debug|Any CPU
		Release|Any CPU = Release|Any CPU
	EndGlobalSection
	GlobalSection(ProjectConfigurationPlatforms) = postSolution
		{072DFD7A-7D8E-427A-BB13-FB2EC8785620}.Debug|Any CPU.ActiveCfg = Debug|Any CPU
		{072DFD7A-7D8E-427A-BB13-FB2EC8785620}.Debug|Any CPU.Build.0 = Debug|Any CPU
		{072DFD7A-7D8E-427A-BB13-FB2EC8785620}.Release|Any CPU.ActiveCfg = Release|Any CPU
		{072DFD7A-7D8E-427A-BB13-FB2EC8785620}.Release|Any CPU.Build.0 = Release|Any CPU
	EndGlobalSection
EndGlobal
